
Microsoft Visual Studio Solution File, Format Version 12.00
# Visual Studio 2012
Project("{FAE04EC0-301F-11D3-BF4B-00C04F79EFBC}") = "GameAnalyser", "GameAnalyser\GameAnalyser.csproj", "{79D052CD-B6C3-4DE7-AF34-468819CE696A}"
EndProject
Project("{FAE04EC0-301F-11D3-BF4B-00C04F79EFBC}") = "AgeOfEmpiresLibrary", "AgeOfEmpiresLibrary\AgeOfEmpiresLibrary.csproj", "{7C3BEB82-5470-4E2F-A00D-0BAEF2EA095E}"
EndProject
Project("{2150E333-8FDC-42A3-9474-1A3956D46DE8}") = "Solution Items", "Solution Items", "{A2B1FC01-C307-4E03-9AA8-B82D22B50100}"
	ProjectSection(SolutionItems) = preProject
		README.md = README.md
	EndProjectSection
EndProject
Project("{FAE04EC0-301F-11D3-BF4B-00C04F79EFBC}") = "ExpertTerminal", "ExpertTerminal\ExpertTerminal.csproj", "{53DAFB51-22BD-4221-A81B-3EB3086E88C8}"
EndProject
Global
	GlobalSection(SolutionConfigurationPlatforms) = preSolution
		Debug|x86 = Debug|x86
		Release|x86 = Release|x86
	EndGlobalSection
	GlobalSection(ProjectConfigurationPlatforms) = postSolution
		{79D052CD-B6C3-4DE7-AF34-468819CE696A}.Debug|x86.ActiveCfg = Debug|x86
		{79D052CD-B6C3-4DE7-AF34-468819CE696A}.Debug|x86.Build.0 = Debug|x86
		{79D052CD-B6C3-4DE7-AF34-468819CE696A}.Release|x86.ActiveCfg = Release|x86
		{79D052CD-B6C3-4DE7-AF34-468819CE696A}.Release|x86.Build.0 = Release|x86
		{7C3BEB82-5470-4E2F-A00D-0BAEF2EA095E}.Debug|x86.ActiveCfg = Debug|Any CPU
		{7C3BEB82-5470-4E2F-A00D-0BAEF2EA095E}.Debug|x86.Build.0 = Debug|Any CPU
		{7C3BEB82-5470-4E2F-A00D-0BAEF2EA095E}.Release|x86.ActiveCfg = Release|Any CPU
		{7C3BEB82-5470-4E2F-A00D-0BAEF2EA095E}.Release|x86.Build.0 = Release|Any CPU
		{53DAFB51-22BD-4221-A81B-3EB3086E88C8}.Debug|x86.ActiveCfg = Debug|x86
		{53DAFB51-22BD-4221-A81B-3EB3086E88C8}.Debug|x86.Build.0 = Debug|x86
		{53DAFB51-22BD-4221-A81B-3EB3086E88C8}.Release|x86.ActiveCfg = Release|x86
		{53DAFB51-22BD-4221-A81B-3EB3086E88C8}.Release|x86.Build.0 = Release|x86
	EndGlobalSection
EndGlobal
